
Microsoft Visual Studio Solution File, Format Version 12.00
# Visual Studio Version 16
VisualStudioVersion = 16.0.34301.259
MinimumVisualStudioVersion = 10.0.40219.1
Project("{FAE04EC0-301F-11D3-BF4B-00C04F79EFBC}") = "RSA", "RSA\RSA.csproj", "{4488D887-0A6B-4D36-A4C0-64BE3BAC9599}"
EndProject
Global
	GlobalSection(SolutionConfigurationPlatforms) = preSolution
		Debug|Any CPU = Debug|Any CPU
		Release|Any CPU = Release|Any CPU
	EndGlobalSection
	GlobalSection(ProjectConfigurationPlatforms) = postSolution
		{4488D887-0A6B-4D36-A4C0-64BE3BAC9599}.Debug|Any CPU.ActiveCfg = Debug|Any CPU
		{4488D887-0A6B-4D36-A4C0-64BE3BAC9599}.Debug|Any CPU.Build.0 = Debug|Any CPU
		{4488D887-0A6B-4D36-A4C0-64BE3BAC9599}.Release|Any CPU.ActiveCfg = Release|Any CPU
		{4488D887-0A6B-4D36-A4C0-64BE3BAC9599}.Release|Any CPU.Build.0 = Release|Any CPU
	EndGlobalSection
	GlobalSection(SolutionProperties) = preSolution
		HideSolutionNode = FALSE
	EndGlobalSection
	GlobalSection(ExtensibilityGlobals) = postSolution
		SolutionGuid = {C039CDDC-F91B-4D84-A13B-B79A7D858D4D}
	EndGlobalSection
EndGlobal
